
Microsoft Visual Studio Solution File, Format Version 12.00
# Visual Studio Version 16
VisualStudioVersion = 16.0.31605.320
MinimumVisualStudioVersion = 10.0.40219.1
Project("{FAE04EC0-301F-11D3-BF4B-00C04F79EFBC}") = "AeroVM", "AeroVM.csproj", "{90E0288A-6603-4207-8C85-1F2A36E4E354}"
EndProject
Global
	GlobalSection(SolutionConfigurationPlatforms) = preSolution
		Debug|Any CPU = Debug|Any CPU
		Release|Any CPU = Release|Any CPU
	EndGlobalSection
	GlobalSection(ProjectConfigurationPlatforms) = postSolution
		{90E0288A-6603-4207-8C85-1F2A36E4E354}.Debug|Any CPU.ActiveCfg = Debug|Any CPU
		{90E0288A-6603-4207-8C85-1F2A36E4E354}.Debug|Any CPU.Build.0 = Debug|Any CPU
		{90E0288A-6603-4207-8C85-1F2A36E4E354}.Release|Any CPU.ActiveCfg = Release|Any CPU
		{90E0288A-6603-4207-8C85-1F2A36E4E354}.Release|Any CPU.Build.0 = Release|Any CPU
	EndGlobalSection
	GlobalSection(SolutionProperties) = preSolution
		HideSolutionNode = FALSE
	EndGlobalSection
	GlobalSection(ExtensibilityGlobals) = postSolution
		SolutionGuid = {478A349A-DF87-4285-AD56-E27CA1536F74}
	EndGlobalSection
EndGlobal
